
Microsoft Visual Studio Solution File, Format Version 12.00
# Visual Studio Version 17
VisualStudioVersion = 17.5.33516.290
MinimumVisualStudioVersion = 10.0.40219.1
Project("{9A19103F-16F7-4668-BE54-9A1E7A4F7556}") = "API", "Source\API\API.csproj", "{D4A494CB-BB9F-423A-B98C-EF383CF345DD}"
EndProject
Project("{9A19103F-16F7-4668-BE54-9A1E7A4F7556}") = "API.Unit.Test", "Test\API.Unit.Test\API.Unit.Test.csproj", "{C34D1ED1-CF29-4F22-B667-C83753205C4B}"
EndProject
Project("{9A19103F-16F7-4668-BE54-9A1E7A4F7556}") = "Domain", "Source\Domain\Domain.csproj", "{88C62B5F-FAD7-4D18-9B65-2448E5733B91}"
EndProject
Project("{9A19103F-16F7-4668-BE54-9A1E7A4F7556}") = "Application", "Source\Application\Application.csproj", "{72058D26-32A1-4422-91CA-5331367315B7}"
EndProject
Project("{9A19103F-16F7-4668-BE54-9A1E7A4F7556}") = "Infrastructure", "Source\Infrastructure\Infrastructure.csproj", "{7A154715-1237-4430-A9E4-9680F790D4F9}"
EndProject
Global
	GlobalSection(SolutionConfigurationPlatforms) = preSolution
		Debug|Any CPU = Debug|Any CPU
		Release|Any CPU = Release|Any CPU
	EndGlobalSection
	GlobalSection(ProjectConfigurationPlatforms) = postSolution
		{D4A494CB-BB9F-423A-B98C-EF383CF345DD}.Debug|Any CPU.ActiveCfg = Debug|Any CPU
		{D4A494CB-BB9F-423A-B98C-EF383CF345DD}.Debug|Any CPU.Build.0 = Debug|Any CPU
		{D4A494CB-BB9F-423A-B98C-EF383CF345DD}.Release|Any CPU.ActiveCfg = Release|Any CPU
		{D4A494CB-BB9F-423A-B98C-EF383CF345DD}.Release|Any CPU.Build.0 = Release|Any CPU
		{C34D1ED1-CF29-4F22-B667-C83753205C4B}.Debug|Any CPU.ActiveCfg = Debug|Any CPU
		{C34D1ED1-CF29-4F22-B667-C83753205C4B}.Debug|Any CPU.Build.0 = Debug|Any CPU
		{C34D1ED1-CF29-4F22-B667-C83753205C4B}.Release|Any CPU.ActiveCfg = Release|Any CPU
		{C34D1ED1-CF29-4F22-B667-C83753205C4B}.Release|Any CPU.Build.0 = Release|Any CPU
		{88C62B5F-FAD7-4D18-9B65-2448E5733B91}.Debug|Any CPU.ActiveCfg = Debug|Any CPU
		{88C62B5F-FAD7-4D18-9B65-2448E5733B91}.Debug|Any CPU.Build.0 = Debug|Any CPU
		{88C62B5F-FAD7-4D18-9B65-2448E5733B91}.Release|Any CPU.ActiveCfg = Release|Any CPU
		{88C62B5F-FAD7-4D18-9B65-2448E5733B91}.Release|Any CPU.Build.0 = Release|Any CPU
		{72058D26-32A1-4422-91CA-5331367315B7}.Debug|Any CPU.ActiveCfg = Debug|Any CPU
		{72058D26-32A1-4422-91CA-5331367315B7}.Debug|Any CPU.Build.0 = Debug|Any CPU
		{72058D26-32A1-4422-91CA-5331367315B7}.Release|Any CPU.ActiveCfg = Release|Any CPU
		{72058D26-32A1-4422-91CA-5331367315B7}.Release|Any CPU.Build.0 = Release|Any CPU
		{7A154715-1237-4430-A9E4-9680F790D4F9}.Debug|Any CPU.ActiveCfg = Debug|Any CPU
		{7A154715-1237-4430-A9E4-9680F790D4F9}.Debug|Any CPU.Build.0 = Debug|Any CPU
		{7A154715-1237-4430-A9E4-9680F790D4F9}.Release|Any CPU.ActiveCfg = Release|Any CPU
		{7A154715-1237-4430-A9E4-9680F790D4F9}.Release|Any CPU.Build.0 = Release|Any CPU
	EndGlobalSection
	GlobalSection(SolutionProperties) = preSolution
		HideSolutionNode = FALSE
	EndGlobalSection
	GlobalSection(ExtensibilityGlobals) = postSolution
		SolutionGuid = {C188693E-9E7C-40F6-B649-8229D29FD48B}
	EndGlobalSection
EndGlobal
